
Microsoft Visual Studio Solution File, Format Version 12.00
# Visual Studio Version 16
VisualStudioVersion = 16.0.29728.190
MinimumVisualStudioVersion = 10.0.40219.1
Project("{FAE04EC0-301F-11D3-BF4B-00C04F79EFBC}") = "ContactsApp.Android", "ContactsApp\ContactsApp.Android\ContactsApp.Android.csproj", "{A91FD9BE-61C4-47FC-92B6-A3402F74AF2F}"
EndProject
Project("{FAE04EC0-301F-11D3-BF4B-00C04F79EFBC}") = "ContactsApp.iOS", "ContactsApp\ContactsApp.iOS\ContactsApp.iOS.csproj", "{E02BF70C-4371-4459-8764-C881691863B7}"
EndProject
Project("{9A19103F-16F7-4668-BE54-9A1E7A4F7556}") = "ContactsApp", "ContactsApp\ContactsApp\ContactsApp.csproj", "{A759B5C9-A3A2-49E8-A866-AA7FE1822379}"
EndProject
Global
	GlobalSection(SolutionConfigurationPlatforms) = preSolution
		Debug|Any CPU = Debug|Any CPU
		Debug|iPhone = Debug|iPhone
		Debug|iPhoneSimulator = Debug|iPhoneSimulator
		Release|Any CPU = Release|Any CPU
		Release|iPhone = Release|iPhone
		Release|iPhoneSimulator = Release|iPhoneSimulator
	EndGlobalSection
	GlobalSection(ProjectConfigurationPlatforms) = postSolution
		{A91FD9BE-61C4-47FC-92B6-A3402F74AF2F}.Debug|Any CPU.ActiveCfg = Debug|Any CPU
		{A91FD9BE-61C4-47FC-92B6-A3402F74AF2F}.Debug|Any CPU.Build.0 = Debug|Any CPU
		{A91FD9BE-61C4-47FC-92B6-A3402F74AF2F}.Debug|Any CPU.Deploy.0 = Debug|Any CPU
		{A91FD9BE-61C4-47FC-92B6-A3402F74AF2F}.Debug|iPhone.ActiveCfg = Debug|Any CPU
		{A91FD9BE-61C4-47FC-92B6-A3402F74AF2F}.Debug|iPhone.Build.0 = Debug|Any CPU
		{A91FD9BE-61C4-47FC-92B6-A3402F74AF2F}.Debug|iPhone.Deploy.0 = Debug|Any CPU
		{A91FD9BE-61C4-47FC-92B6-A3402F74AF2F}.Debug|iPhoneSimulator.ActiveCfg = Debug|Any CPU
		{A91FD9BE-61C4-47FC-92B6-A3402F74AF2F}.Debug|iPhoneSimulator.Build.0 = Debug|Any CPU
		{A91FD9BE-61C4-47FC-92B6-A3402F74AF2F}.Debug|iPhoneSimulator.Deploy.0 = Debug|Any CPU
		{A91FD9BE-61C4-47FC-92B6-A3402F74AF2F}.Release|Any CPU.ActiveCfg = Release|Any CPU
		{A91FD9BE-61C4-47FC-92B6-A3402F74AF2F}.Release|Any CPU.Build.0 = Release|Any CPU
		{A91FD9BE-61C4-47FC-92B6-A3402F74AF2F}.Release|Any CPU.Deploy.0 = Release|Any CPU
		{A91FD9BE-61C4-47FC-92B6-A3402F74AF2F}.Release|iPhone.ActiveCfg = Release|Any CPU
		{A91FD9BE-61C4-47FC-92B6-A3402F74AF2F}.Release|iPhone.Build.0 = Release|Any CPU
		{A91FD9BE-61C4-47FC-92B6-A3402F74AF2F}.Release|iPhone.Deploy.0 = Release|Any CPU
		{A91FD9BE-61C4-47FC-92B6-A3402F74AF2F}.Release|iPhoneSimulator.ActiveCfg = Release|Any CPU
		{A91FD9BE-61C4-47FC-92B6-A3402F74AF2F}.Release|iPhoneSimulator.Build.0 = Release|Any CPU
		{A91FD9BE-61C4-47FC-92B6-A3402F74AF2F}.Release|iPhoneSimulator.Deploy.0 = Release|Any CPU
		{E02BF70C-4371-4459-8764-C881691863B7}.Debug|Any CPU.ActiveCfg = Debug|iPhoneSimulator
		{E02BF70C-4371-4459-8764-C881691863B7}.Debug|Any CPU.Build.0 = Debug|iPhoneSimulator
		{E02BF70C-4371-4459-8764-C881691863B7}.Debug|Any CPU.Deploy.0 = Debug|iPhoneSimulator
		{E02BF70C-4371-4459-8764-C881691863B7}.Debug|iPhone.ActiveCfg = Debug|iPhone
		{E02BF70C-4371-4459-8764-C881691863B7}.Debug|iPhone.Build.0 = Debug|iPhone
		{E02BF70C-4371-4459-8764-C881691863B7}.Debug|iPhone.Deploy.0 = Debug|iPhone
		{E02BF70C-4371-4459-8764-C881691863B7}.Debug|iPhoneSimulator.ActiveCfg = Debug|iPhoneSimulator
		{E02BF70C-4371-4459-8764-C881691863B7}.Debug|iPhoneSimulator.Build.0 = Debug|iPhoneSimulator
		{E02BF70C-4371-4459-8764-C881691863B7}.Debug|iPhoneSimulator.Deploy.0 = Debug|iPhoneSimulator
		{E02BF70C-4371-4459-8764-C881691863B7}.Release|Any CPU.ActiveCfg = Release|iPhone
		{E02BF70C-4371-4459-8764-C881691863B7}.Release|Any CPU.Build.0 = Release|iPhone
		{E02BF70C-4371-4459-8764-C881691863B7}.Release|Any CPU.Deploy.0 = Release|iPhone
		{E02BF70C-4371-4459-8764-C881691863B7}.Release|iPhone.ActiveCfg = Release|iPhone
		{E02BF70C-4371-4459-8764-C881691863B7}.Release|iPhone.Build.0 = Release|iPhone
		{E02BF70C-4371-4459-8764-C881691863B7}.Release|iPhone.Deploy.0 = Release|iPhone
		{E02BF70C-4371-4459-8764-C881691863B7}.Release|iPhoneSimulator.ActiveCfg = Release|iPhoneSimulator
		{E02BF70C-4371-4459-8764-C881691863B7}.Release|iPhoneSimulator.Build.0 = Release|iPhoneSimulator
		{E02BF70C-4371-4459-8764-C881691863B7}.Release|iPhoneSimulator.Deploy.0 = Release|iPhoneSimulator
		{A759B5C9-A3A2-49E8-A866-AA7FE1822379}.Debug|Any CPU.ActiveCfg = Debug|Any CPU
		{A759B5C9-A3A2-49E8-A866-AA7FE1822379}.Debug|Any CPU.Build.0 = Debug|Any CPU
		{A759B5C9-A3A2-49E8-A866-AA7FE1822379}.Debug|Any CPU.Deploy.0 = Debug|Any CPU
		{A759B5C9-A3A2-49E8-A866-AA7FE1822379}.Debug|iPhone.ActiveCfg = Debug|Any CPU
		{A759B5C9-A3A2-49E8-A866-AA7FE1822379}.Debug|iPhone.Build.0 = Debug|Any CPU
		{A759B5C9-A3A2-49E8-A866-AA7FE1822379}.Debug|iPhone.Deploy.0 = Debug|Any CPU
		{A759B5C9-A3A2-49E8-A866-AA7FE1822379}.Debug|iPhoneSimulator.ActiveCfg = Debug|Any CPU
		{A759B5C9-A3A2-49E8-A866-AA7FE1822379}.Debug|iPhoneSimulator.Build.0 = Debug|Any CPU
		{A759B5C9-A3A2-49E8-A866-AA7FE1822379}.Debug|iPhoneSimulator.Deploy.0 = Debug|Any CPU
		{A759B5C9-A3A2-49E8-A866-AA7FE1822379}.Release|Any CPU.ActiveCfg = Release|Any CPU
		{A759B5C9-A3A2-49E8-A866-AA7FE1822379}.Release|Any CPU.Build.0 = Release|Any CPU
		{A759B5C9-A3A2-49E8-A866-AA7FE1822379}.Release|Any CPU.Deploy.0 = Release|Any CPU
		{A759B5C9-A3A2-49E8-A866-AA7FE1822379}.Release|iPhone.ActiveCfg = Release|Any CPU
		{A759B5C9-A3A2-49E8-A866-AA7FE1822379}.Release|iPhone.Build.0 = Release|Any CPU
		{A759B5C9-A3A2-49E8-A866-AA7FE1822379}.Release|iPhone.Deploy.0 = Release|Any CPU
		{A759B5C9-A3A2-49E8-A866-AA7FE1822379}.Release|iPhoneSimulator.ActiveCfg = Release|Any CPU
		{A759B5C9-A3A2-49E8-A866-AA7FE1822379}.Release|iPhoneSimulator.Build.0 = Release|Any CPU
		{A759B5C9-A3A2-49E8-A866-AA7FE1822379}.Release|iPhoneSimulator.Deploy.0 = Release|Any CPU
	EndGlobalSection
	GlobalSection(SolutionProperties) = preSolution
		HideSolutionNode = FALSE
	EndGlobalSection
	GlobalSection(ExtensibilityGlobals) = postSolution
		SolutionGuid = {7A56AF26-5371-4893-89E6-BF8F9C6721B2}
	EndGlobalSection
EndGlobal
